
Microsoft Visual Studio Solution File, Format Version 12.00
# Visual Studio Version 16
VisualStudioVersion = 16.0.30114.128
MinimumVisualStudioVersion = 10.0.40219.1
Project("{9A19103F-16F7-4668-BE54-9A1E7A4F7556}") = "AnkiLookup", "AnkiLookup\AnkiLookup.csproj", "{459C108A-88B0-432E-B76E-AB429EDB05E6}"
EndProject
Global
	GlobalSection(SolutionConfigurationPlatforms) = preSolution
		Debug|Any CPU = Debug|Any CPU
		Release|Any CPU = Release|Any CPU
	EndGlobalSection
	GlobalSection(ProjectConfigurationPlatforms) = postSolution
		{459C108A-88B0-432E-B76E-AB429EDB05E6}.Debug|Any CPU.ActiveCfg = Debug|Any CPU
		{459C108A-88B0-432E-B76E-AB429EDB05E6}.Debug|Any CPU.Build.0 = Debug|Any CPU
		{459C108A-88B0-432E-B76E-AB429EDB05E6}.Release|Any CPU.ActiveCfg = Release|Any CPU
		{459C108A-88B0-432E-B76E-AB429EDB05E6}.Release|Any CPU.Build.0 = Release|Any CPU
	EndGlobalSection
	GlobalSection(SolutionProperties) = preSolution
		HideSolutionNode = FALSE
	EndGlobalSection
	GlobalSection(ExtensibilityGlobals) = postSolution
		SolutionGuid = {3FD6BC52-47FE-4EFB-BA75-700ABE4A5D28}
	EndGlobalSection
EndGlobal
